
Microsoft Visual Studio Solution File, Format Version 12.00
# Visual Studio Version 16
VisualStudioVersion = 16.0.30907.101
MinimumVisualStudioVersion = 10.0.40219.1
Project("{9A19103F-16F7-4668-BE54-9A1E7A4F7556}") = "DataAccess", "DataAccess\DataAccess.csproj", "{8A127081-F84F-4F6A-86C3-476C7F2C5D63}"
EndProject
Project("{9A19103F-16F7-4668-BE54-9A1E7A4F7556}") = "Business", "Business\Business.csproj", "{67252F40-85CE-4FE8-BC8E-D7599BEF94EC}"
EndProject
Project("{9A19103F-16F7-4668-BE54-9A1E7A4F7556}") = "Entities", "Entities\Entities.csproj", "{BB03DFB6-99F7-4581-8C77-470AEB72D3FB}"
EndProject
Project("{9A19103F-16F7-4668-BE54-9A1E7A4F7556}") = "Core", "Core\Core.csproj", "{E6BDF024-6985-4C3E-AF1F-852AE95674EF}"
EndProject
Project("{9A19103F-16F7-4668-BE54-9A1E7A4F7556}") = "WebAPI", "WebAPI\WebAPI.csproj", "{BFBB2E1E-0D5A-4D0F-ADF1-B24871353BBD}"
EndProject
Global
	GlobalSection(SolutionConfigurationPlatforms) = preSolution
		Debug|Any CPU = Debug|Any CPU
		Release|Any CPU = Release|Any CPU
	EndGlobalSection
	GlobalSection(ProjectConfigurationPlatforms) = postSolution
		{8A127081-F84F-4F6A-86C3-476C7F2C5D63}.Debug|Any CPU.ActiveCfg = Debug|Any CPU
		{8A127081-F84F-4F6A-86C3-476C7F2C5D63}.Debug|Any CPU.Build.0 = Debug|Any CPU
		{8A127081-F84F-4F6A-86C3-476C7F2C5D63}.Release|Any CPU.ActiveCfg = Release|Any CPU
		{8A127081-F84F-4F6A-86C3-476C7F2C5D63}.Release|Any CPU.Build.0 = Release|Any CPU
		{67252F40-85CE-4FE8-BC8E-D7599BEF94EC}.Debug|Any CPU.ActiveCfg = Debug|Any CPU
		{67252F40-85CE-4FE8-BC8E-D7599BEF94EC}.Debug|Any CPU.Build.0 = Debug|Any CPU
		{67252F40-85CE-4FE8-BC8E-D7599BEF94EC}.Release|Any CPU.ActiveCfg = Release|Any CPU
		{67252F40-85CE-4FE8-BC8E-D7599BEF94EC}.Release|Any CPU.Build.0 = Release|Any CPU
		{BB03DFB6-99F7-4581-8C77-470AEB72D3FB}.Debug|Any CPU.ActiveCfg = Debug|Any CPU
		{BB03DFB6-99F7-4581-8C77-470AEB72D3FB}.Debug|Any CPU.Build.0 = Debug|Any CPU
		{BB03DFB6-99F7-4581-8C77-470AEB72D3FB}.Release|Any CPU.ActiveCfg = Release|Any CPU
		{BB03DFB6-99F7-4581-8C77-470AEB72D3FB}.Release|Any CPU.Build.0 = Release|Any CPU
		{E6BDF024-6985-4C3E-AF1F-852AE95674EF}.Debug|Any CPU.ActiveCfg = Debug|Any CPU
		{E6BDF024-6985-4C3E-AF1F-852AE95674EF}.Debug|Any CPU.Build.0 = Debug|Any CPU
		{E6BDF024-6985-4C3E-AF1F-852AE95674EF}.Release|Any CPU.ActiveCfg = Release|Any CPU
		{E6BDF024-6985-4C3E-AF1F-852AE95674EF}.Release|Any CPU.Build.0 = Release|Any CPU
		{BFBB2E1E-0D5A-4D0F-ADF1-B24871353BBD}.Debug|Any CPU.ActiveCfg = Debug|Any CPU
		{BFBB2E1E-0D5A-4D0F-ADF1-B24871353BBD}.Debug|Any CPU.Build.0 = Debug|Any CPU
		{BFBB2E1E-0D5A-4D0F-ADF1-B24871353BBD}.Release|Any CPU.ActiveCfg = Release|Any CPU
		{BFBB2E1E-0D5A-4D0F-ADF1-B24871353BBD}.Release|Any CPU.Build.0 = Release|Any CPU
	EndGlobalSection
	GlobalSection(SolutionProperties) = preSolution
		HideSolutionNode = FALSE
	EndGlobalSection
	GlobalSection(ExtensibilityGlobals) = postSolution
		SolutionGuid = {07546719-3F78-4BD8-A95D-BB996D245CC7}
	EndGlobalSection
EndGlobal
